{
  "name": "CV-Final-Project",
  "lockfileVersion": 3,
  "requires": true,
  "packages": {
    "": {
      "dependencies": {
        "keyboard": "^0.0.1"
      }
    },
    "node_modules/keyboard": {
      "version": "0.0.1",
      "resolved": "https://registry.npmjs.org/keyboard/-/keyboard-0.0.1.tgz",
      "integrity": "sha512-fFNACWzGtlcOFcdAxvIrNAF/kvNNt3ZDC8rRnS395xWK5/qtMC/YTczdPC1vpK0j9QebMQLfJzww4AXtN2e14Q=="
    }
  }
}
